
Microsoft Visual Studio Solution File, Format Version 12.00
# Visual Studio 15
Project("{FAE04EC0-301F-11D3-BF4B-00C04F79EFBC}") = "UnityEngine.TestRunner", "UnityEngine.TestRunner.csproj", "{0C0EB962-6456-12D2-63C6-8984F3C6256B}"
EndProject
Project("{FAE04EC0-301F-11D3-BF4B-00C04F79EFBC}") = "Unity.Mathematics", "Unity.Mathematics.csproj", "{8F5FDCD5-B9FF-0854-F5A9-27EDED4D4EBE}"
EndProject
Project("{FAE04EC0-301F-11D3-BF4B-00C04F79EFBC}") = "Unity.2D.Animation.Triangle.Runtime", "Unity.2D.Animation.Triangle.Runtime.csproj", "{AB016941-3225-4DC9-4D39-484BDABBE9B0}"
EndProject
Project("{FAE04EC0-301F-11D3-BF4B-00C04F79EFBC}") = "Unity.Timeline", "Unity.Timeline.csproj", "{F90C3CD0-3785-8998-2DA9-8D0B4010B20B}"
EndProject
Project("{FAE04EC0-301F-11D3-BF4B-00C04F79EFBC}") = "UnityEngine.UI", "UnityEngine.UI.csproj", "{65A332CF-1483-DDAA-2071-44B7E3277297}"
EndProject
Project("{FAE04EC0-301F-11D3-BF4B-00C04F79EFBC}") = "Unity.TextMeshPro", "Unity.TextMeshPro.csproj", "{07612A68-1A7A-74C6-66E6-B024F0ED27E4}"
EndProject
Project("{FAE04EC0-301F-11D3-BF4B-00C04F79EFBC}") = "Unity.2D.Animation.Runtime", "Unity.2D.Animation.Runtime.csproj", "{3B1C08C5-0727-6219-292D-C7FE854E6101}"
EndProject
Project("{FAE04EC0-301F-11D3-BF4B-00C04F79EFBC}") = "Unity.2D.IK.Runtime", "Unity.2D.IK.Runtime.csproj", "{795C1193-1E59-E93B-427A-BEF4769F2E42}"
EndProject
Project("{FAE04EC0-301F-11D3-BF4B-00C04F79EFBC}") = "Unity.2D.SpriteShape.Runtime", "Unity.2D.SpriteShape.Runtime.csproj", "{69851C09-1E0D-FB84-D9C0-A39D7D3E901F}"
EndProject
Project("{FAE04EC0-301F-11D3-BF4B-00C04F79EFBC}") = "Unity.2D.PixelPerfect", "Unity.2D.PixelPerfect.csproj", "{944DDFF5-F6CB-15F7-484C-32CB955D7D8F}"
EndProject
Project("{FAE04EC0-301F-11D3-BF4B-00C04F79EFBC}") = "Unity.2D.Common.Runtime", "Unity.2D.Common.Runtime.csproj", "{70DB20EF-5F9A-83EF-14EB-8FE819C93E30}"
EndProject
Project("{FAE04EC0-301F-11D3-BF4B-00C04F79EFBC}") = "Unity.InternalAPIEngineBridge.001", "Unity.InternalAPIEngineBridge.001.csproj", "{2E3A1076-7FDC-F7D2-7550-6917EBF12AFB}"
EndProject
Project("{FAE04EC0-301F-11D3-BF4B-00C04F79EFBC}") = "Assembly-CSharp", "Assembly-CSharp.csproj", "{689D9C60-2577-4B28-C05E-EFF5B7059F6B}"
EndProject
Project("{FAE04EC0-301F-11D3-BF4B-00C04F79EFBC}") = "UnityEditor.TestRunner", "UnityEditor.TestRunner.csproj", "{6E1C7CBC-D324-DDCD-8872-9C363D5A696A}"
EndProject
Project("{FAE04EC0-301F-11D3-BF4B-00C04F79EFBC}") = "Unity.PlasticSCM.Editor", "Unity.PlasticSCM.Editor.csproj", "{A490BF19-B478-B49F-229E-B6A1D5075C0F}"
EndProject
Project("{FAE04EC0-301F-11D3-BF4B-00C04F79EFBC}") = "UnityEditor.UI", "UnityEditor.UI.csproj", "{84843DF9-7C64-7B45-6B3F-610A9E1A423A}"
EndProject
Project("{FAE04EC0-301F-11D3-BF4B-00C04F79EFBC}") = "Unity.Timeline.Editor", "Unity.Timeline.Editor.csproj", "{31BF949D-7374-913B-0369-27CA0AAEE7F0}"
EndProject
Project("{FAE04EC0-301F-11D3-BF4B-00C04F79EFBC}") = "Unity.VisualStudio.Editor", "Unity.VisualStudio.Editor.csproj", "{8B81252F-AB85-54CD-48D1-D2D8DF0793DE}"
EndProject
Project("{FAE04EC0-301F-11D3-BF4B-00C04F79EFBC}") = "Unity.2D.Psdimporter.Editor", "Unity.2D.Psdimporter.Editor.csproj", "{C3AD283F-4AD6-ED2B-EF43-7026CDDC42D1}"
EndProject
Project("{FAE04EC0-301F-11D3-BF4B-00C04F79EFBC}") = "Unity.2D.Animation.Editor", "Unity.2D.Animation.Editor.csproj", "{3730FAD8-6DB0-CBD5-833E-8C3348588986}"
EndProject
Project("{FAE04EC0-301F-11D3-BF4B-00C04F79EFBC}") = "Unity.TextMeshPro.Editor", "Unity.TextMeshPro.Editor.csproj", "{85E80D15-E4E0-A3CB-2FD0-78C0FB3FA1FF}"
EndProject
Project("{FAE04EC0-301F-11D3-BF4B-00C04F79EFBC}") = "Unity.2D.SpriteShape.Editor", "Unity.2D.SpriteShape.Editor.csproj", "{959B3C0C-AECD-422E-2ED7-10AC9D383FB0}"
EndProject
Project("{FAE04EC0-301F-11D3-BF4B-00C04F79EFBC}") = "Unity.CollabProxy.Editor", "Unity.CollabProxy.Editor.csproj", "{0B7BF0CB-73C8-E3B7-BF7D-6590D45E164E}"
EndProject
Project("{FAE04EC0-301F-11D3-BF4B-00C04F79EFBC}") = "PsdPlugin", "PsdPlugin.csproj", "{EDF2C76B-D1E6-4DEB-FB53-01BA0546E94A}"
EndProject
Project("{FAE04EC0-301F-11D3-BF4B-00C04F79EFBC}") = "Unity.2D.Path.Editor", "Unity.2D.Path.Editor.csproj", "{F7956B6F-65BB-6CCA-F767-3DD32FACC594}"
EndProject
Project("{FAE04EC0-301F-11D3-BF4B-00C04F79EFBC}") = "Unity.Rider.Editor", "Unity.Rider.Editor.csproj", "{2784233E-2617-F7ED-3EF8-7DF50585DC31}"
EndProject
Project("{FAE04EC0-301F-11D3-BF4B-00C04F79EFBC}") = "Unity.2D.IK.Editor", "Unity.2D.IK.Editor.csproj", "{968F6E09-8EC3-BE25-8A8D-8849D7C38582}"
EndProject
Project("{FAE04EC0-301F-11D3-BF4B-00C04F79EFBC}") = "Unity.2D.Sprite.Editor", "Unity.2D.Sprite.Editor.csproj", "{DE5D6530-0DFE-A52F-1D20-201A1D73C1C5}"
EndProject
Project("{FAE04EC0-301F-11D3-BF4B-00C04F79EFBC}") = "Unity.2D.Tilemap.Editor", "Unity.2D.Tilemap.Editor.csproj", "{2B8C8417-6EC3-ED3C-DCBF-B5E81F6300E4}"
EndProject
Project("{FAE04EC0-301F-11D3-BF4B-00C04F79EFBC}") = "Unity.2D.PixelPerfect.Editor", "Unity.2D.PixelPerfect.Editor.csproj", "{84815816-C8C6-94D2-DA07-8F9F64EA41B2}"
EndProject
Project("{FAE04EC0-301F-11D3-BF4B-00C04F79EFBC}") = "Unity.VSCode.Editor", "Unity.VSCode.Editor.csproj", "{CCA84704-0CF6-8BD7-8381-B7722EE87C45}"
EndProject
Project("{FAE04EC0-301F-11D3-BF4B-00C04F79EFBC}") = "Unity.2D.Common.Editor", "Unity.2D.Common.Editor.csproj", "{D522055A-9594-01E4-0F1F-E65B46A2E4A0}"
EndProject
Project("{FAE04EC0-301F-11D3-BF4B-00C04F79EFBC}") = "Unity.Mathematics.Editor", "Unity.Mathematics.Editor.csproj", "{00317286-D456-4FDC-C633-EEC3FCB96707}"
EndProject
Project("{FAE04EC0-301F-11D3-BF4B-00C04F79EFBC}") = "Unity.InternalAPIEditorBridge.001", "Unity.InternalAPIEditorBridge.001.csproj", "{2245B3F8-1D6A-AEE6-6229-342CC2A8D411}"
EndProject
Global
	GlobalSection(SolutionConfigurationPlatforms) = preSolution
		Debug|Any CPU = Debug|Any CPU
		Release|Any CPU = Release|Any CPU
	EndGlobalSection
	GlobalSection(ProjectConfigurationPlatforms) = postSolution
		{0C0EB962-6456-12D2-63C6-8984F3C6256B}.Debug|Any CPU.ActiveCfg = Debug|Any CPU
		{0C0EB962-6456-12D2-63C6-8984F3C6256B}.Debug|Any CPU.Build.0 = Debug|Any CPU
		{0C0EB962-6456-12D2-63C6-8984F3C6256B}.Release|Any CPU.ActiveCfg = Release|Any CPU
		{0C0EB962-6456-12D2-63C6-8984F3C6256B}.Release|Any CPU.Build.0 = Release|Any CPU
		{8F5FDCD5-B9FF-0854-F5A9-27EDED4D4EBE}.Debug|Any CPU.ActiveCfg = Debug|Any CPU
		{8F5FDCD5-B9FF-0854-F5A9-27EDED4D4EBE}.Debug|Any CPU.Build.0 = Debug|Any CPU
		{8F5FDCD5-B9FF-0854-F5A9-27EDED4D4EBE}.Release|Any CPU.ActiveCfg = Release|Any CPU
		{8F5FDCD5-B9FF-0854-F5A9-27EDED4D4EBE}.Release|Any CPU.Build.0 = Release|Any CPU
		{AB016941-3225-4DC9-4D39-484BDABBE9B0}.Debug|Any CPU.ActiveCfg = Debug|Any CPU
		{AB016941-3225-4DC9-4D39-484BDABBE9B0}.Debug|Any CPU.Build.0 = Debug|Any CPU
		{AB016941-3225-4DC9-4D39-484BDABBE9B0}.Release|Any CPU.ActiveCfg = Release|Any CPU
		{AB016941-3225-4DC9-4D39-484BDABBE9B0}.Release|Any CPU.Build.0 = Release|Any CPU
		{F90C3CD0-3785-8998-2DA9-8D0B4010B20B}.Debug|Any CPU.ActiveCfg = Debug|Any CPU
		{F90C3CD0-3785-8998-2DA9-8D0B4010B20B}.Debug|Any CPU.Build.0 = Debug|Any CPU
		{F90C3CD0-3785-8998-2DA9-8D0B4010B20B}.Release|Any CPU.ActiveCfg = Release|Any CPU
		{F90C3CD0-3785-8998-2DA9-8D0B4010B20B}.Release|Any CPU.Build.0 = Release|Any CPU
		{65A332CF-1483-DDAA-2071-44B7E3277297}.Debug|Any CPU.ActiveCfg = Debug|Any CPU
		{65A332CF-1483-DDAA-2071-44B7E3277297}.Debug|Any CPU.Build.0 = Debug|Any CPU
		{65A332CF-1483-DDAA-2071-44B7E3277297}.Release|Any CPU.ActiveCfg = Release|Any CPU
		{65A332CF-1483-DDAA-2071-44B7E3277297}.Release|Any CPU.Build.0 = Release|Any CPU
		{07612A68-1A7A-74C6-66E6-B024F0ED27E4}.Debug|Any CPU.ActiveCfg = Debug|Any CPU
		{07612A68-1A7A-74C6-66E6-B024F0ED27E4}.Debug|Any CPU.Build.0 = Debug|Any CPU
		{07612A68-1A7A-74C6-66E6-B024F0ED27E4}.Release|Any CPU.ActiveCfg = Release|Any CPU
		{07612A68-1A7A-74C6-66E6-B024F0ED27E4}.Release|Any CPU.Build.0 = Release|Any CPU
		{3B1C08C5-0727-6219-292D-C7FE854E6101}.Debug|Any CPU.ActiveCfg = Debug|Any CPU
		{3B1C08C5-0727-6219-292D-C7FE854E6101}.Debug|Any CPU.Build.0 = Debug|Any CPU
		{3B1C08C5-0727-6219-292D-C7FE854E6101}.Release|Any CPU.ActiveCfg = Release|Any CPU
		{3B1C08C5-0727-6219-292D-C7FE854E6101}.Release|Any CPU.Build.0 = Release|Any CPU
		{795C1193-1E59-E93B-427A-BEF4769F2E42}.Debug|Any CPU.ActiveCfg = Debug|Any CPU
		{795C1193-1E59-E93B-427A-BEF4769F2E42}.Debug|Any CPU.Build.0 = Debug|Any CPU
		{795C1193-1E59-E93B-427A-BEF4769F2E42}.Release|Any CPU.ActiveCfg = Release|Any CPU
		{795C1193-1E59-E93B-427A-BEF4769F2E42}.Release|Any CPU.Build.0 = Release|Any CPU
		{69851C09-1E0D-FB84-D9C0-A39D7D3E901F}.Debug|Any CPU.ActiveCfg = Debug|Any CPU
		{69851C09-1E0D-FB84-D9C0-A39D7D3E901F}.Debug|Any CPU.Build.0 = Debug|Any CPU
		{69851C09-1E0D-FB84-D9C0-A39D7D3E901F}.Release|Any CPU.ActiveCfg = Release|Any CPU
		{69851C09-1E0D-FB84-D9C0-A39D7D3E901F}.Release|Any CPU.Build.0 = Release|Any CPU
		{944DDFF5-F6CB-15F7-484C-32CB955D7D8F}.Debug|Any CPU.ActiveCfg = Debug|Any CPU
		{944DDFF5-F6CB-15F7-484C-32CB955D7D8F}.Debug|Any CPU.Build.0 = Debug|Any CPU
		{944DDFF5-F6CB-15F7-484C-32CB955D7D8F}.Release|Any CPU.ActiveCfg = Release|Any CPU
		{944DDFF5-F6CB-15F7-484C-32CB955D7D8F}.Release|Any CPU.Build.0 = Release|Any CPU
		{70DB20EF-5F9A-83EF-14EB-8FE819C93E30}.Debug|Any CPU.ActiveCfg = Debug|Any CPU
		{70DB20EF-5F9A-83EF-14EB-8FE819C93E30}.Debug|Any CPU.Build.0 = Debug|Any CPU
		{70DB20EF-5F9A-83EF-14EB-8FE819C93E30}.Release|Any CPU.ActiveCfg = Release|Any CPU
		{70DB20EF-5F9A-83EF-14EB-8FE819C93E30}.Release|Any CPU.Build.0 = Release|Any CPU
		{2E3A1076-7FDC-F7D2-7550-6917EBF12AFB}.Debug|Any CPU.ActiveCfg = Debug|Any CPU
		{2E3A1076-7FDC-F7D2-7550-6917EBF12AFB}.Debug|Any CPU.Build.0 = Debug|Any CPU
		{2E3A1076-7FDC-F7D2-7550-6917EBF12AFB}.Release|Any CPU.ActiveCfg = Release|Any CPU
		{2E3A1076-7FDC-F7D2-7550-6917EBF12AFB}.Release|Any CPU.Build.0 = Release|Any CPU
		{689D9C60-2577-4B28-C05E-EFF5B7059F6B}.Debug|Any CPU.ActiveCfg = Debug|Any CPU
		{689D9C60-2577-4B28-C05E-EFF5B7059F6B}.Debug|Any CPU.Build.0 = Debug|Any CPU
		{689D9C60-2577-4B28-C05E-EFF5B7059F6B}.Release|Any CPU.ActiveCfg = Release|Any CPU
		{689D9C60-2577-4B28-C05E-EFF5B7059F6B}.Release|Any CPU.Build.0 = Release|Any CPU
		{6E1C7CBC-D324-DDCD-8872-9C363D5A696A}.Debug|Any CPU.ActiveCfg = Debug|Any CPU
		{6E1C7CBC-D324-DDCD-8872-9C363D5A696A}.Debug|Any CPU.Build.0 = Debug|Any CPU
		{6E1C7CBC-D324-DDCD-8872-9C363D5A696A}.Release|Any CPU.ActiveCfg = Release|Any CPU
		{6E1C7CBC-D324-DDCD-8872-9C363D5A696A}.Release|Any CPU.Build.0 = Release|Any CPU
		{A490BF19-B478-B49F-229E-B6A1D5075C0F}.Debug|Any CPU.ActiveCfg = Debug|Any CPU
		{A490BF19-B478-B49F-229E-B6A1D5075C0F}.Debug|Any CPU.Build.0 = Debug|Any CPU
		{A490BF19-B478-B49F-229E-B6A1D5075C0F}.Release|Any CPU.ActiveCfg = Release|Any CPU
		{A490BF19-B478-B49F-229E-B6A1D5075C0F}.Release|Any CPU.Build.0 = Release|Any CPU
		{84843DF9-7C64-7B45-6B3F-610A9E1A423A}.Debug|Any CPU.ActiveCfg = Debug|Any CPU
		{84843DF9-7C64-7B45-6B3F-610A9E1A423A}.Debug|Any CPU.Build.0 = Debug|Any CPU
		{84843DF9-7C64-7B45-6B3F-610A9E1A423A}.Release|Any CPU.ActiveCfg = Release|Any CPU
		{84843DF9-7C64-7B45-6B3F-610A9E1A423A}.Release|Any CPU.Build.0 = Release|Any CPU
		{31BF949D-7374-913B-0369-27CA0AAEE7F0}.Debug|Any CPU.ActiveCfg = Debug|Any CPU
		{31BF949D-7374-913B-0369-27CA0AAEE7F0}.Debug|Any CPU.Build.0 = Debug|Any CPU
		{31BF949D-7374-913B-0369-27CA0AAEE7F0}.Release|Any CPU.ActiveCfg = Release|Any CPU
		{31BF949D-7374-913B-0369-27CA0AAEE7F0}.Release|Any CPU.Build.0 = Release|Any CPU
		{8B81252F-AB85-54CD-48D1-D2D8DF0793DE}.Debug|Any CPU.ActiveCfg = Debug|Any CPU
		{8B81252F-AB85-54CD-48D1-D2D8DF0793DE}.Debug|Any CPU.Build.0 = Debug|Any CPU
		{8B81252F-AB85-54CD-48D1-D2D8DF0793DE}.Release|Any CPU.ActiveCfg = Release|Any CPU
		{8B81252F-AB85-54CD-48D1-D2D8DF0793DE}.Release|Any CPU.Build.0 = Release|Any CPU
		{C3AD283F-4AD6-ED2B-EF43-7026CDDC42D1}.Debug|Any CPU.ActiveCfg = Debug|Any CPU
		{C3AD283F-4AD6-ED2B-EF43-7026CDDC42D1}.Debug|Any CPU.Build.0 = Debug|Any CPU
		{C3AD283F-4AD6-ED2B-EF43-7026CDDC42D1}.Release|Any CPU.ActiveCfg = Release|Any CPU
		{C3AD283F-4AD6-ED2B-EF43-7026CDDC42D1}.Release|Any CPU.Build.0 = Release|Any CPU
		{3730FAD8-6DB0-CBD5-833E-8C3348588986}.Debug|Any CPU.ActiveCfg = Debug|Any CPU
		{3730FAD8-6DB0-CBD5-833E-8C3348588986}.Debug|Any CPU.Build.0 = Debug|Any CPU
		{3730FAD8-6DB0-CBD5-833E-8C3348588986}.Release|Any CPU.ActiveCfg = Release|Any CPU
		{3730FAD8-6DB0-CBD5-833E-8C3348588986}.Release|Any CPU.Build.0 = Release|Any CPU
		{85E80D15-E4E0-A3CB-2FD0-78C0FB3FA1FF}.Debug|Any CPU.ActiveCfg = Debug|Any CPU
		{85E80D15-E4E0-A3CB-2FD0-78C0FB3FA1FF}.Debug|Any CPU.Build.0 = Debug|Any CPU
		{85E80D15-E4E0-A3CB-2FD0-78C0FB3FA1FF}.Release|Any CPU.ActiveCfg = Release|Any CPU
		{85E80D15-E4E0-A3CB-2FD0-78C0FB3FA1FF}.Release|Any CPU.Build.0 = Release|Any CPU
		{959B3C0C-AECD-422E-2ED7-10AC9D383FB0}.Debug|Any CPU.ActiveCfg = Debug|Any CPU
		{959B3C0C-AECD-422E-2ED7-10AC9D383FB0}.Debug|Any CPU.Build.0 = Debug|Any CPU
		{959B3C0C-AECD-422E-2ED7-10AC9D383FB0}.Release|Any CPU.ActiveCfg = Release|Any CPU
		{959B3C0C-AECD-422E-2ED7-10AC9D383FB0}.Release|Any CPU.Build.0 = Release|Any CPU
		{0B7BF0CB-73C8-E3B7-BF7D-6590D45E164E}.Debug|Any CPU.ActiveCfg = Debug|Any CPU
		{0B7BF0CB-73C8-E3B7-BF7D-6590D45E164E}.Debug|Any CPU.Build.0 = Debug|Any CPU
		{0B7BF0CB-73C8-E3B7-BF7D-6590D45E164E}.Release|Any CPU.ActiveCfg = Release|Any CPU
		{0B7BF0CB-73C8-E3B7-BF7D-6590D45E164E}.Release|Any CPU.Build.0 = Release|Any CPU
		{EDF2C76B-D1E6-4DEB-FB53-01BA0546E94A}.Debug|Any CPU.ActiveCfg = Debug|Any CPU
		{EDF2C76B-D1E6-4DEB-FB53-01BA0546E94A}.Debug|Any CPU.Build.0 = Debug|Any CPU
		{EDF2C76B-D1E6-4DEB-FB53-01BA0546E94A}.Release|Any CPU.ActiveCfg = Release|Any CPU
		{EDF2C76B-D1E6-4DEB-FB53-01BA0546E94A}.Release|Any CPU.Build.0 = Release|Any CPU
		{F7956B6F-65BB-6CCA-F767-3DD32FACC594}.Debug|Any CPU.ActiveCfg = Debug|Any CPU
		{F7956B6F-65BB-6CCA-F767-3DD32FACC594}.Debug|Any CPU.Build.0 = Debug|Any CPU
		{F7956B6F-65BB-6CCA-F767-3DD32FACC594}.Release|Any CPU.ActiveCfg = Release|Any CPU
		{F7956B6F-65BB-6CCA-F767-3DD32FACC594}.Release|Any CPU.Build.0 = Release|Any CPU
		{2784233E-2617-F7ED-3EF8-7DF50585DC31}.Debug|Any CPU.ActiveCfg = Debug|Any CPU
		{2784233E-2617-F7ED-3EF8-7DF50585DC31}.Debug|Any CPU.Build.0 = Debug|Any CPU
		{2784233E-2617-F7ED-3EF8-7DF50585DC31}.Release|Any CPU.ActiveCfg = Release|Any CPU
		{2784233E-2617-F7ED-3EF8-7DF50585DC31}.Release|Any CPU.Build.0 = Release|Any CPU
		{968F6E09-8EC3-BE25-8A8D-8849D7C38582}.Debug|Any CPU.ActiveCfg = Debug|Any CPU
		{968F6E09-8EC3-BE25-8A8D-8849D7C38582}.Debug|Any CPU.Build.0 = Debug|Any CPU
		{968F6E09-8EC3-BE25-8A8D-8849D7C38582}.Release|Any CPU.ActiveCfg = Release|Any CPU
		{968F6E09-8EC3-BE25-8A8D-8849D7C38582}.Release|Any CPU.Build.0 = Release|Any CPU
		{DE5D6530-0DFE-A52F-1D20-201A1D73C1C5}.Debug|Any CPU.ActiveCfg = Debug|Any CPU
		{DE5D6530-0DFE-A52F-1D20-201A1D73C1C5}.Debug|Any CPU.Build.0 = Debug|Any CPU
		{DE5D6530-0DFE-A52F-1D20-201A1D73C1C5}.Release|Any CPU.ActiveCfg = Release|Any CPU
		{DE5D6530-0DFE-A52F-1D20-201A1D73C1C5}.Release|Any CPU.Build.0 = Release|Any CPU
		{2B8C8417-6EC3-ED3C-DCBF-B5E81F6300E4}.Debug|Any CPU.ActiveCfg = Debug|Any CPU
		{2B8C8417-6EC3-ED3C-DCBF-B5E81F6300E4}.Debug|Any CPU.Build.0 = Debug|Any CPU
		{2B8C8417-6EC3-ED3C-DCBF-B5E81F6300E4}.Release|Any CPU.ActiveCfg = Release|Any CPU
		{2B8C8417-6EC3-ED3C-DCBF-B5E81F6300E4}.Release|Any CPU.Build.0 = Release|Any CPU
		{84815816-C8C6-94D2-DA07-8F9F64EA41B2}.Debug|Any CPU.ActiveCfg = Debug|Any CPU
		{84815816-C8C6-94D2-DA07-8F9F64EA41B2}.Debug|Any CPU.Build.0 = Debug|Any CPU
		{84815816-C8C6-94D2-DA07-8F9F64EA41B2}.Release|Any CPU.ActiveCfg = Release|Any CPU
		{84815816-C8C6-94D2-DA07-8F9F64EA41B2}.Release|Any CPU.Build.0 = Release|Any CPU
		{CCA84704-0CF6-8BD7-8381-B7722EE87C45}.Debug|Any CPU.ActiveCfg = Debug|Any CPU
		{CCA84704-0CF6-8BD7-8381-B7722EE87C45}.Debug|Any CPU.Build.0 = Debug|Any CPU
		{CCA84704-0CF6-8BD7-8381-B7722EE87C45}.Release|Any CPU.ActiveCfg = Release|Any CPU
		{CCA84704-0CF6-8BD7-8381-B7722EE87C45}.Release|Any CPU.Build.0 = Release|Any CPU
		{D522055A-9594-01E4-0F1F-E65B46A2E4A0}.Debug|Any CPU.ActiveCfg = Debug|Any CPU
		{D522055A-9594-01E4-0F1F-E65B46A2E4A0}.Debug|Any CPU.Build.0 = Debug|Any CPU
		{D522055A-9594-01E4-0F1F-E65B46A2E4A0}.Release|Any CPU.ActiveCfg = Release|Any CPU
		{D522055A-9594-01E4-0F1F-E65B46A2E4A0}.Release|Any CPU.Build.0 = Release|Any CPU
		{00317286-D456-4FDC-C633-EEC3FCB96707}.Debug|Any CPU.ActiveCfg = Debug|Any CPU
		{00317286-D456-4FDC-C633-EEC3FCB96707}.Debug|Any CPU.Build.0 = Debug|Any CPU
		{00317286-D456-4FDC-C633-EEC3FCB96707}.Release|Any CPU.ActiveCfg = Release|Any CPU
		{00317286-D456-4FDC-C633-EEC3FCB96707}.Release|Any CPU.Build.0 = Release|Any CPU
		{2245B3F8-1D6A-AEE6-6229-342CC2A8D411}.Debug|Any CPU.ActiveCfg = Debug|Any CPU
		{2245B3F8-1D6A-AEE6-6229-342CC2A8D411}.Debug|Any CPU.Build.0 = Debug|Any CPU
		{2245B3F8-1D6A-AEE6-6229-342CC2A8D411}.Release|Any CPU.ActiveCfg = Release|Any CPU
		{2245B3F8-1D6A-AEE6-6229-342CC2A8D411}.Release|Any CPU.Build.0 = Release|Any CPU
	EndGlobalSection
	GlobalSection(SolutionProperties) = preSolution
		HideSolutionNode = FALSE
	EndGlobalSection
EndGlobal
